// !$*UTF8*$!
{
	archiveVersion = 1;
	classes = {
	};
	objectVersion = 46;
	objects = {

/* Begin PBXBuildFile section */
		35666B9C1E76FEDE0065FA62 /* libGLEW.2.0.0.dylib in Frameworks */ = {isa = PBXBuildFile; fileRef = 35666B9B1E76FEDE0065FA62 /* libGLEW.2.0.0.dylib */; };
		35666B9E1E76FEE50065FA62 /* OpenGL.framework in Frameworks */ = {isa = PBXBuildFile; fileRef = 35666B9D1E76FEE50065FA62 /* OpenGL.framework */; };
		35666BA01E76FEF70065FA62 /* libglfw.3.2.dylib in Frameworks */ = {isa = PBXBuildFile; fileRef = 35666B9F1E76FEF70065FA62 /* libglfw.3.2.dylib */; };
		35666BA71E7718370065FA62 /* LoadFunctions.cpp in Sources */ = {isa = PBXBuildFile; fileRef = 35666BA51E7718370065FA62 /* LoadFunctions.cpp */; };
		35666BAD1E771D700065FA62 /* RenderWindow.cpp in Sources */ = {isa = PBXBuildFile; fileRef = 35666BAB1E771D700065FA62 /* RenderWindow.cpp */; };
		35666BAF1E7726700065FA62 /* main.cpp in Sources */ = {isa = PBXBuildFile; fileRef = 35666BAE1E7726700065FA62 /* main.cpp */; };
		35666BB21E77605E0065FA62 /* glm in Frameworks */ = {isa = PBXBuildFile; fileRef = 35666BB11E77605E0065FA62 /* glm */; };
		35666BB81E7983070065FA62 /* controls.cpp in Sources */ = {isa = PBXBuildFile; fileRef = 35666BB61E7983070065FA62 /* controls.cpp */; };
		35897B411E8AC9E6008AC587 /* libassimp.3.3.1.dylib in Frameworks */ = {isa = PBXBuildFile; fileRef = 35897B401E8AC9E6008AC587 /* libassimp.3.3.1.dylib */; };
/* End PBXBuildFile section */

/* Begin PBXCopyFilesBuildPhase section */
		35666B8C1E76FE2F0065FA62 /* CopyFiles */ = {
			isa = PBXCopyFilesBuildPhase;
			buildActionMask = 2147483647;
			dstPath = /usr/share/man/man1/;
			dstSubfolderSpec = 0;
			files = (
			);
			runOnlyForDeploymentPostprocessing = 1;
		};
/* End PBXCopyFilesBuildPhase section */

/* Begin PBXFileReference section */
		35666B8E1E76FE2F0065FA62 /* OpenGLScene */ = {isa = PBXFileReference; explicitFileType = "compiled.mach-o.executable"; includeInIndex = 0; path = OpenGLScene; sourceTree = BUILT_PRODUCTS_DIR; };
		35666B9B1E76FEDE0065FA62 /* libGLEW.2.0.0.dylib */ = {isa = PBXFileReference; lastKnownFileType = "compiled.mach-o.dylib"; name = libGLEW.2.0.0.dylib; path = ../../../../../../../usr/local/lib/libGLEW.2.0.0.dylib; sourceTree = "<group>"; };
		35666B9D1E76FEE50065FA62 /* OpenGL.framework */ = {isa = PBXFileReference; lastKnownFileType = wrapper.framework; name = OpenGL.framework; path = System/Library/Frameworks/OpenGL.framework; sourceTree = SDKROOT; };
		35666B9F1E76FEF70065FA62 /* libglfw.3.2.dylib */ = {isa = PBXFileReference; lastKnownFileType = "compiled.mach-o.dylib"; name = libglfw.3.2.dylib; path = ../../../../../../../usr/local/Cellar/glfw/3.2.1/lib/libglfw.3.2.dylib; sourceTree = "<group>"; };
		35666BA51E7718370065FA62 /* LoadFunctions.cpp */ = {isa = PBXFileReference; fileEncoding = 4; lastKnownFileType = sourcecode.cpp.cpp; path = LoadFunctions.cpp; sourceTree = "<group>"; };
		35666BA61E7718370065FA62 /* LoadFunctions.hpp */ = {isa = PBXFileReference; fileEncoding = 4; lastKnownFileType = sourcecode.cpp.h; path = LoadFunctions.hpp; sourceTree = "<group>"; };
		35666BAB1E771D700065FA62 /* RenderWindow.cpp */ = {isa = PBXFileReference; fileEncoding = 4; lastKnownFileType = sourcecode.cpp.cpp; path = RenderWindow.cpp; sourceTree = "<group>"; };
		35666BAC1E771D700065FA62 /* RenderWindow.hpp */ = {isa = PBXFileReference; fileEncoding = 4; lastKnownFileType = sourcecode.cpp.h; path = RenderWindow.hpp; sourceTree = "<group>"; };
		35666BAE1E7726700065FA62 /* main.cpp */ = {isa = PBXFileReference; fileEncoding = 4; lastKnownFileType = sourcecode.cpp.cpp; path = main.cpp; sourceTree = "<group>"; };
		35666BB01E77399C0065FA62 /* shaders */ = {isa = PBXFileReference; lastKnownFileType = folder; path = shaders; sourceTree = "<group>"; };
		35666BB11E77605E0065FA62 /* glm */ = {isa = PBXFileReference; lastKnownFileType = folder; name = glm; path = ../../../../../../../usr/local/Cellar/glm/0.9.8.3/include/glm; sourceTree = "<group>"; };
		35666BB61E7983070065FA62 /* controls.cpp */ = {isa = PBXFileReference; fileEncoding = 4; lastKnownFileType = sourcecode.cpp.cpp; path = controls.cpp; sourceTree = "<group>"; };
		35666BB71E7983070065FA62 /* controls.hpp */ = {isa = PBXFileReference; fileEncoding = 4; lastKnownFileType = sourcecode.cpp.h; path = controls.hpp; sourceTree = "<group>"; };
		35897B391E89A514008AC587 /* obj */ = {isa = PBXFileReference; lastKnownFileType = folder; path = obj; sourceTree = "<group>"; };
		35897B3A1E89A5CE008AC587 /* textures */ = {isa = PBXFileReference; lastKnownFileType = folder; path = textures; sourceTree = "<group>"; };
		35897B401E8AC9E6008AC587 /* libassimp.3.3.1.dylib */ = {isa = PBXFileReference; lastKnownFileType = "compiled.mach-o.dylib"; name = libassimp.3.3.1.dylib; path = ../../../../../../../usr/local/Cellar/assimp/3.3.1/lib/libassimp.3.3.1.dylib; sourceTree = "<group>"; };
/* End PBXFileReference section */

/* Begin PBXFrameworksBuildPhase section */
		35666B8B1E76FE2F0065FA62 /* Frameworks */ = {
			isa = PBXFrameworksBuildPhase;
			buildActionMask = 2147483647;
			files = (
				35666BA01E76FEF70065FA62 /* libglfw.3.2.dylib in Frameworks */,
				35666B9C1E76FEDE0065FA62 /* libGLEW.2.0.0.dylib in Frameworks */,
				35666B9E1E76FEE50065FA62 /* OpenGL.framework in Frameworks */,
				35666BB21E77605E0065FA62 /* glm in Frameworks */,
				35897B411E8AC9E6008AC587 /* libassimp.3.3.1.dylib in Frameworks */,
			);
			runOnlyForDeploymentPostprocessing = 0;
		};
/* End PBXFrameworksBuildPhase section */

/* Begin PBXGroup section */
		35666B851E76FE2F0065FA62 = {
			isa = PBXGroup;
			children = (
				35666B901E76FE2F0065FA62 /* OpenGLScene */,
				35666B8F1E76FE2F0065FA62 /* Products */,
				35666B981E76FE550065FA62 /* Frameworks */,
			);
			sourceTree = "<group>";
		};
		35666B8F1E76FE2F0065FA62 /* Products */ = {
			isa = PBXGroup;
			children = (
				35666B8E1E76FE2F0065FA62 /* OpenGLScene */,
			);
			name = Products;
			sourceTree = "<group>";
		};
		35666B901E76FE2F0065FA62 /* OpenGLScene */ = {
			isa = PBXGroup;
			children = (
				35666BAE1E7726700065FA62 /* main.cpp */,
				35666BAB1E771D700065FA62 /* RenderWindow.cpp */,
				35666BAC1E771D700065FA62 /* RenderWindow.hpp */,
				35666BB61E7983070065FA62 /* controls.cpp */,
				35666BB71E7983070065FA62 /* controls.hpp */,
				35897B391E89A514008AC587 /* obj */,
				35666BB01E77399C0065FA62 /* shaders */,
				35897B3A1E89A5CE008AC587 /* textures */,
				35666BA51E7718370065FA62 /* LoadFunctions.cpp */,
				35666BA61E7718370065FA62 /* LoadFunctions.hpp */,
			);
			path = OpenGLScene;
			sourceTree = "<group>";
		};
		35666B981E76FE550065FA62 /* Frameworks */ = {
			isa = PBXGroup;
			children = (
				35897B401E8AC9E6008AC587 /* libassimp.3.3.1.dylib */,
				35666BB11E77605E0065FA62 /* glm */,
				35666B9F1E76FEF70065FA62 /* libglfw.3.2.dylib */,
				35666B9D1E76FEE50065FA62 /* OpenGL.framework */,
				35666B9B1E76FEDE0065FA62 /* libGLEW.2.0.0.dylib */,
			);
			name = Frameworks;
			sourceTree = "<group>";
		};
/* End PBXGroup section */

/* Begin PBXNativeTarget section */
		35666B8D1E76FE2F0065FA62 /* OpenGLScene */ = {
			isa = PBXNativeTarget;
			buildConfigurationList = 35666B951E76FE2F0065FA62 /* Build configuration list for PBXNativeTarget "OpenGLScene" */;
			buildPhases = (
				35666B8A1E76FE2F0065FA62 /* Sources */,
				35666B8B1E76FE2F0065FA62 /* Frameworks */,
				35666B8C1E76FE2F0065FA62 /* CopyFiles */,
			);
			buildRules = (
			);
			dependencies = (
			);
			name = OpenGLScene;
			productName = OpenGLScene;
			productReference = 35666B8E1E76FE2F0065FA62 /* OpenGLScene */;
			productType = "com.apple.product-type.tool";
		};
/* End PBXNativeTarget section */

/* Begin PBXProject section */
		35666B861E76FE2F0065FA62 /* Project object */ = {
			isa = PBXProject;
			attributes = {
				LastUpgradeCheck = 0820;
				ORGANIZATIONNAME = "Leon Schiedermair";
				TargetAttributes = {
					35666B8D1E76FE2F0065FA62 = {
						CreatedOnToolsVersion = 8.2.1;
						ProvisioningStyle = Automatic;
					};
				};
			};
			buildConfigurationList = 35666B891E76FE2F0065FA62 /* Build configuration list for PBXProject "OpenGLScene" */;
			compatibilityVersion = "Xcode 3.2";
			developmentRegion = English;
			hasScannedForEncodings = 0;
			knownRegions = (
				en,
			);
			mainGroup = 35666B851E76FE2F0065FA62;
			productRefGroup = 35666B8F1E76FE2F0065FA62 /* Products */;
			projectDirPath = "";
			projectRoot = "";
			targets = (
				35666B8D1E76FE2F0065FA62 /* OpenGLScene */,
			);
		};
/* End PBXProject section */

/* Begin PBXSourcesBuildPhase section */
		35666B8A1E76FE2F0065FA62 /* Sources */ = {
			isa = PBXSourcesBuildPhase;
			buildActionMask = 2147483647;
			files = (
				35666BA71E7718370065FA62 /* LoadFunctions.cpp in Sources */,
				35666BB81E7983070065FA62 /* controls.cpp in Sources */,
				35666BAF1E7726700065FA62 /* main.cpp in Sources */,
				35666BAD1E771D700065FA62 /* RenderWindow.cpp in Sources */,
			);
			runOnlyForDeploymentPostprocessing = 0;
		};
/* End PBXSourcesBuildPhase section */

/* Begin XCBuildConfiguration section */
		35666B931E76FE2F0065FA62 /* Debug */ = {
			isa = XCBuildConfiguration;
			buildSettings = {
				ALWAYS_SEARCH_USER_PATHS = NO;
				CLANG_ANALYZER_NONNULL = YES;
				CLANG_CXX_LANGUAGE_STANDARD = "gnu++0x";
				CLANG_CXX_LIBRARY = "libc++";
				CLANG_ENABLE_MODULES = YES;
				CLANG_ENABLE_OBJC_ARC = YES;
				CLANG_WARN_BOOL_CONVERSION = YES;
				CLANG_WARN_CONSTANT_CONVERSION = YES;
				CLANG_WARN_DIRECT_OBJC_ISA_USAGE = YES_ERROR;
				CLANG_WARN_DOCUMENTATION_COMMENTS = YES;
				CLANG_WARN_EMPTY_BODY = YES;
				CLANG_WARN_ENUM_CONVERSION = YES;
				CLANG_WARN_INFINITE_RECURSION = YES;
				CLANG_WARN_INT_CONVERSION = YES;
				CLANG_WARN_OBJC_ROOT_CLASS = YES_ERROR;
				CLANG_WARN_SUSPICIOUS_MOVE = YES;
				CLANG_WARN_UNREACHABLE_CODE = YES;
				CLANG_WARN__DUPLICATE_METHOD_MATCH = YES;
				CODE_SIGN_IDENTITY = "-";
				COPY_PHASE_STRIP = NO;
				DEBUG_INFORMATION_FORMAT = dwarf;
				ENABLE_STRICT_OBJC_MSGSEND = YES;
				ENABLE_TESTABILITY = YES;
				GCC_C_LANGUAGE_STANDARD = gnu99;
				GCC_DYNAMIC_NO_PIC = NO;
				GCC_NO_COMMON_BLOCKS = YES;
				GCC_OPTIMIZATION_LEVEL = 0;
				GCC_PREPROCESSOR_DEFINITIONS = (
					"DEBUG=1",
					"$(inherited)",
				);
				GCC_WARN_64_TO_32_BIT_CONVERSION = YES;
				GCC_WARN_ABOUT_RETURN_TYPE = YES_ERROR;
				GCC_WARN_UNDECLARED_SELECTOR = YES;
				GCC_WARN_UNINITIALIZED_AUTOS = YES_AGGRESSIVE;
				GCC_WARN_UNUSED_FUNCTION = YES;
				GCC_WARN_UNUSED_VARIABLE = YES;
				MACOSX_DEPLOYMENT_TARGET = 10.12;
				MTL_ENABLE_DEBUG_INFO = YES;
				ONLY_ACTIVE_ARCH = YES;
				SDKROOT = macosx;
			};
			name = Debug;
		};
		35666B941E76FE2F0065FA62 /* Release */ = {
			isa = XCBuildConfiguration;
			buildSettings = {
				ALWAYS_SEARCH_USER_PATHS = NO;
				CLANG_ANALYZER_NONNULL = YES;
				CLANG_CXX_LANGUAGE_STANDARD = "gnu++0x";
				CLANG_CXX_LIBRARY = "libc++";
				CLANG_ENABLE_MODULES = YES;
				CLANG_ENABLE_OBJC_ARC = YES;
				CLANG_WARN_BOOL_CONVERSION = YES;
				CLANG_WARN_CONSTANT_CONVERSION = YES;
				CLANG_WARN_DIRECT_OBJC_ISA_USAGE = YES_ERROR;
				CLANG_WARN_DOCUMENTATION_COMMENTS = YES;
				CLANG_WARN_EMPTY_BODY = YES;
				CLANG_WARN_ENUM_CONVERSION = YES;
				CLANG_WARN_INFINITE_RECURSION = YES;
				CLANG_WARN_INT_CONVERSION = YES;
				CLANG_WARN_OBJC_ROOT_CLASS = YES_ERROR;
				CLANG_WARN_SUSPICIOUS_MOVE = YES;
				CLANG_WARN_UNREACHABLE_CODE = YES;
				CLANG_WARN__DUPLICATE_METHOD_MATCH = YES;
				CODE_SIGN_IDENTITY = "-";
				COPY_PHASE_STRIP = NO;
				DEBUG_INFORMATION_FORMAT = "dwarf-with-dsym";
				ENABLE_NS_ASSERTIONS = NO;
				ENABLE_STRICT_OBJC_MSGSEND = YES;
				GCC_C_LANGUAGE_STANDARD = gnu99;
				GCC_NO_COMMON_BLOCKS = YES;
				GCC_WARN_64_TO_32_BIT_CONVERSION = YES;
				GCC_WARN_ABOUT_RETURN_TYPE = YES_ERROR;
				GCC_WARN_UNDECLARED_SELECTOR = YES;
				GCC_WARN_UNINITIALIZED_AUTOS = YES_AGGRESSIVE;
				GCC_WARN_UNUSED_FUNCTION = YES;
				GCC_WARN_UNUSED_VARIABLE = YES;
				MACOSX_DEPLOYMENT_TARGET = 10.12;
				MTL_ENABLE_DEBUG_INFO = NO;
				SDKROOT = macosx;
			};
			name = Release;
		};
		35666B961E76FE2F0065FA62 /* Debug */ = {
			isa = XCBuildConfiguration;
			buildSettings = {
				HEADER_SEARCH_PATHS = /usr/local/include;
				LIBRARY_SEARCH_PATHS = (
					"$(inherited)",
					/usr/local/lib,
					/usr/local/Cellar/assimp/3.3.1/lib,
				);
				OTHER_LDFLAGS = "-lGLEW";
				PRODUCT_NAME = "$(TARGET_NAME)";
			};
			name = Debug;
		};
		35666B971E76FE2F0065FA62 /* Release */ = {
			isa = XCBuildConfiguration;
			buildSettings = {
				HEADER_SEARCH_PATHS = /usr/local/include;
				LIBRARY_SEARCH_PATHS = (
					"$(inherited)",
					/usr/local/lib,
					/usr/local/Cellar/assimp/3.3.1/lib,
				);
				OTHER_LDFLAGS = "-lGLEW";
				PRODUCT_NAME = "$(TARGET_NAME)";
			};
			name = Release;
		};
/* End XCBuildConfiguration section */

/* Begin XCConfigurationList section */
		35666B891E76FE2F0065FA62 /* Build configuration list for PBXProject "OpenGLScene" */ = {
			isa = XCConfigurationList;
			buildConfigurations = (
				35666B931E76FE2F0065FA62 /* Debug */,
				35666B941E76FE2F0065FA62 /* Release */,
			);
			defaultConfigurationIsVisible = 0;
			defaultConfigurationName = Release;
		};
		35666B951E76FE2F0065FA62 /* Build configuration list for PBXNativeTarget "OpenGLScene" */ = {
			isa = XCConfigurationList;
			buildConfigurations = (
				35666B961E76FE2F0065FA62 /* Debug */,
				35666B971E76FE2F0065FA62 /* Release */,
			);
			defaultConfigurationIsVisible = 0;
			defaultConfigurationName = Release;
		};
/* End XCConfigurationList section */
	};
	rootObject = 35666B861E76FE2F0065FA62 /* Project object */;
}
